
Microsoft Visual Studio Solution File, Format Version 12.00
# Visual Studio Version 16
VisualStudioVersion = 16.0.30804.86
MinimumVisualStudioVersion = 10.0.40219.1
Project("{2150E333-8FDC-42A3-9474-1A3956D46DE8}") = "HARRepo.FileManager", "HARRepo.FileManager", "{17708ABB-70A8-49F1-8596-AB46AD69F5EC}"
EndProject
Project("{2150E333-8FDC-42A3-9474-1A3956D46DE8}") = "HARRepo.Viewer", "HARRepo.Viewer", "{5806D3A2-ED14-484D-B43F-C5CA49B32EAB}"
EndProject
Project("{2150E333-8FDC-42A3-9474-1A3956D46DE8}") = "HARRepo.UI", "HARRepo.UI", "{80B44CF8-CA86-477F-9C51-434C029A28A9}"
EndProject
Project("{9A19103F-16F7-4668-BE54-9A1E7A4F7556}") = "HARRepo.FileManager.Data", "HARRepo.FileManager.Data\HARRepo.FileManager.Data.csproj", "{054CD89A-DA8F-4248-8954-1501F6F84760}"
EndProject
Project("{9A19103F-16F7-4668-BE54-9A1E7A4F7556}") = "HARRepo.FileManager.Logic", "HARRepo.FileManager.Logic\HARRepo.FileManager.Logic.csproj", "{0D1085D3-8145-465D-B95C-6085A366B6B6}"
EndProject
Project("{9A19103F-16F7-4668-BE54-9A1E7A4F7556}") = "HARRepo.FileManager.API", "HARRepo.FileManager.API\HARRepo.FileManager.API.csproj", "{04CD4EB4-5BAC-4B5F-A69B-332395BF2CB7}"
EndProject
Project("{9A19103F-16F7-4668-BE54-9A1E7A4F7556}") = "HARRepo.Web", "HARRepo.Web\HARRepo.Web.csproj", "{B909C5D8-D809-489A-AF02-9614B659CD05}"
EndProject
Project("{9092AA53-FB77-4645-B42D-1CCCA6BD08BD}") = "HARRepo.ViewerAPI", "HARRepo.ViewerAPI\HARRepo.ViewerAPI.njsproj", "{EBC6DA94-DA95-4BBC-9D2F-4EC076D996EE}"
EndProject
Global
	GlobalSection(SolutionConfigurationPlatforms) = preSolution
		Debug|Any CPU = Debug|Any CPU
		Release|Any CPU = Release|Any CPU
	EndGlobalSection
	GlobalSection(ProjectConfigurationPlatforms) = postSolution
		{054CD89A-DA8F-4248-8954-1501F6F84760}.Debug|Any CPU.ActiveCfg = Debug|Any CPU
		{054CD89A-DA8F-4248-8954-1501F6F84760}.Debug|Any CPU.Build.0 = Debug|Any CPU
		{054CD89A-DA8F-4248-8954-1501F6F84760}.Release|Any CPU.ActiveCfg = Release|Any CPU
		{054CD89A-DA8F-4248-8954-1501F6F84760}.Release|Any CPU.Build.0 = Release|Any CPU
		{0D1085D3-8145-465D-B95C-6085A366B6B6}.Debug|Any CPU.ActiveCfg = Debug|Any CPU
		{0D1085D3-8145-465D-B95C-6085A366B6B6}.Debug|Any CPU.Build.0 = Debug|Any CPU
		{0D1085D3-8145-465D-B95C-6085A366B6B6}.Release|Any CPU.ActiveCfg = Release|Any CPU
		{0D1085D3-8145-465D-B95C-6085A366B6B6}.Release|Any CPU.Build.0 = Release|Any CPU
		{04CD4EB4-5BAC-4B5F-A69B-332395BF2CB7}.Debug|Any CPU.ActiveCfg = Debug|Any CPU
		{04CD4EB4-5BAC-4B5F-A69B-332395BF2CB7}.Debug|Any CPU.Build.0 = Debug|Any CPU
		{04CD4EB4-5BAC-4B5F-A69B-332395BF2CB7}.Release|Any CPU.ActiveCfg = Release|Any CPU
		{04CD4EB4-5BAC-4B5F-A69B-332395BF2CB7}.Release|Any CPU.Build.0 = Release|Any CPU
		{B909C5D8-D809-489A-AF02-9614B659CD05}.Debug|Any CPU.ActiveCfg = Debug|Any CPU
		{B909C5D8-D809-489A-AF02-9614B659CD05}.Debug|Any CPU.Build.0 = Debug|Any CPU
		{B909C5D8-D809-489A-AF02-9614B659CD05}.Release|Any CPU.ActiveCfg = Release|Any CPU
		{B909C5D8-D809-489A-AF02-9614B659CD05}.Release|Any CPU.Build.0 = Release|Any CPU
		{EBC6DA94-DA95-4BBC-9D2F-4EC076D996EE}.Debug|Any CPU.ActiveCfg = Debug|Any CPU
		{EBC6DA94-DA95-4BBC-9D2F-4EC076D996EE}.Debug|Any CPU.Build.0 = Debug|Any CPU
		{EBC6DA94-DA95-4BBC-9D2F-4EC076D996EE}.Release|Any CPU.ActiveCfg = Release|Any CPU
		{EBC6DA94-DA95-4BBC-9D2F-4EC076D996EE}.Release|Any CPU.Build.0 = Release|Any CPU
	EndGlobalSection
	GlobalSection(SolutionProperties) = preSolution
		HideSolutionNode = FALSE
	EndGlobalSection
	GlobalSection(NestedProjects) = preSolution
		{054CD89A-DA8F-4248-8954-1501F6F84760} = {17708ABB-70A8-49F1-8596-AB46AD69F5EC}
		{0D1085D3-8145-465D-B95C-6085A366B6B6} = {17708ABB-70A8-49F1-8596-AB46AD69F5EC}
		{04CD4EB4-5BAC-4B5F-A69B-332395BF2CB7} = {17708ABB-70A8-49F1-8596-AB46AD69F5EC}
		{B909C5D8-D809-489A-AF02-9614B659CD05} = {80B44CF8-CA86-477F-9C51-434C029A28A9}
		{EBC6DA94-DA95-4BBC-9D2F-4EC076D996EE} = {5806D3A2-ED14-484D-B43F-C5CA49B32EAB}
	EndGlobalSection
	GlobalSection(ExtensibilityGlobals) = postSolution
		SolutionGuid = {5E78D767-D082-4510-B47F-5D2CF17A9C78}
	EndGlobalSection
EndGlobal
